// !$*UTF8*$!
{
	archiveVersion = 1;
	classes = {
	};
	objectVersion = 56;
	objects = {

/* Begin PBXBuildFile section */
		F42580422919B581005F1CCC /* LibraryView.swift in Sources */ = {isa = PBXBuildFile; fileRef = F42580412919B581005F1CCC /* LibraryView.swift */; };
		F42580452919B5DD005F1CCC /* SKViewAdditions.swift in Sources */ = {isa = PBXBuildFile; fileRef = F42580442919B5DD005F1CCC /* SKViewAdditions.swift */; };
		F42580472919B619005F1CCC /* LibraryObject.swift in Sources */ = {isa = PBXBuildFile; fileRef = F42580462919B619005F1CCC /* LibraryObject.swift */; };
		F42580492919B621005F1CCC /* PlannerLibrary.swift in Sources */ = {isa = PBXBuildFile; fileRef = F42580482919B621005F1CCC /* PlannerLibrary.swift */; };
		F425804B2919B689005F1CCC /* SettingsView.swift in Sources */ = {isa = PBXBuildFile; fileRef = F425804A2919B689005F1CCC /* SettingsView.swift */; };
		F425804F291B4C9D005F1CCC /* BuildTool.swift in Sources */ = {isa = PBXBuildFile; fileRef = F425804E291B4C9D005F1CCC /* BuildTool.swift */; };
		F4258052291B4D3B005F1CCC /* BuildingSizes.swift in Sources */ = {isa = PBXBuildFile; fileRef = F4258051291B4D3B005F1CCC /* BuildingSizes.swift */; };
		F4258054291B4DCE005F1CCC /* BuildingSprite.swift in Sources */ = {isa = PBXBuildFile; fileRef = F4258053291B4DCE005F1CCC /* BuildingSprite.swift */; };
		F4258058291B5866005F1CCC /* EditorModes.enum.swift in Sources */ = {isa = PBXBuildFile; fileRef = F4258057291B5866005F1CCC /* EditorModes.enum.swift */; };
		F425805F291C04C9005F1CCC /* NotificationController.swift in Sources */ = {isa = PBXBuildFile; fileRef = F425805E291C04C9005F1CCC /* NotificationController.swift */; };
		F4258061291C04E1005F1CCC /* NotificationAdditions.swift in Sources */ = {isa = PBXBuildFile; fileRef = F4258060291C04E1005F1CCC /* NotificationAdditions.swift */; };
		F4258065291C0CAB005F1CCC /* EnvironmentAdditions.swift in Sources */ = {isa = PBXBuildFile; fileRef = F4258064291C0CAB005F1CCC /* EnvironmentAdditions.swift */; };
		F4258067291C16EF005F1CCC /* LibraryTabView.swift in Sources */ = {isa = PBXBuildFile; fileRef = F4258066291C16EF005F1CCC /* LibraryTabView.swift */; };
		F4258069291C1D93005F1CCC /* LibraryTabViewButton.swift in Sources */ = {isa = PBXBuildFile; fileRef = F4258068291C1D93005F1CCC /* LibraryTabViewButton.swift */; };
		F425806B291C21A7005F1CCC /* LibraryTabViewContent.swift in Sources */ = {isa = PBXBuildFile; fileRef = F425806A291C21A7005F1CCC /* LibraryTabViewContent.swift */; };
		F425806D291C21B3005F1CCC /* LibraryTabViewContentItem.swift in Sources */ = {isa = PBXBuildFile; fileRef = F425806C291C21B3005F1CCC /* LibraryTabViewContentItem.swift */; };
		F4258073291C7977005F1CCC /* ObjectFamilies.enum.swift in Sources */ = {isa = PBXBuildFile; fileRef = F4258072291C7977005F1CCC /* ObjectFamilies.enum.swift */; };
		F4258075291C797F005F1CCC /* ObjectTypes.enum.swift in Sources */ = {isa = PBXBuildFile; fileRef = F4258074291C797F005F1CCC /* ObjectTypes.enum.swift */; };
		F4258077291CC42F005F1CCC /* BuildingPlacementTileSprite.swift in Sources */ = {isa = PBXBuildFile; fileRef = F4258076291CC42F005F1CCC /* BuildingPlacementTileSprite.swift */; };
		F433C697292436E50075E2F1 /* CGPointAdditions.swift in Sources */ = {isa = PBXBuildFile; fileRef = F433C696292436E50075E2F1 /* CGPointAdditions.swift */; };
		F433C69A2924373A0075E2F1 /* GridCoordinate.swift in Sources */ = {isa = PBXBuildFile; fileRef = F433C6992924373A0075E2F1 /* GridCoordinate.swift */; };
		F4388A1329135F0600FB39BC /* StardewPlannerApp.swift in Sources */ = {isa = PBXBuildFile; fileRef = F4388A1229135F0600FB39BC /* StardewPlannerApp.swift */; };
		F4388A1529135F0600FB39BC /* PlannerView.swift in Sources */ = {isa = PBXBuildFile; fileRef = F4388A1429135F0600FB39BC /* PlannerView.swift */; };
		F4388A1729135F0900FB39BC /* Assets.xcassets in Resources */ = {isa = PBXBuildFile; fileRef = F4388A1629135F0900FB39BC /* Assets.xcassets */; };
		F4388A1A29135F0900FB39BC /* Preview Assets.xcassets in Resources */ = {isa = PBXBuildFile; fileRef = F4388A1929135F0900FB39BC /* Preview Assets.xcassets */; };
		F470502E2932FD7A008FCA0F /* TileMapMouseEvent.swift in Sources */ = {isa = PBXBuildFile; fileRef = F470502D2932FD7A008FCA0F /* TileMapMouseEvent.swift */; };
		F48670542944FB24001CC2E7 /* GridCoordinateAdditions.swift in Sources */ = {isa = PBXBuildFile; fileRef = F48670532944FB24001CC2E7 /* GridCoordinateAdditions.swift */; };
		F4A1410C29199DA4006E762E /* ColorAdditions.swift in Sources */ = {isa = PBXBuildFile; fileRef = F4A1410B29199DA4006E762E /* ColorAdditions.swift */; };
		F4BB2977293943DB00151917 /* FlooringModeController.swift in Sources */ = {isa = PBXBuildFile; fileRef = F4BB2976293943DB00151917 /* FlooringModeController.swift */; };
		F4BB297C293A62F800151917 /* OptionsPanel.swift in Sources */ = {isa = PBXBuildFile; fileRef = F4BB297B293A62F800151917 /* OptionsPanel.swift */; };
		F4BB297E293A63B700151917 /* FlooringTools.enum.swift in Sources */ = {isa = PBXBuildFile; fileRef = F4BB297D293A63B700151917 /* FlooringTools.enum.swift */; };
		F4BB2980293A66DC00151917 /* FlooringToolsAdditions.swift in Sources */ = {isa = PBXBuildFile; fileRef = F4BB297F293A66DC00151917 /* FlooringToolsAdditions.swift */; };
		F4BB2982293A6C3000151917 /* OptionsPanelToolSelectButton.swift in Sources */ = {isa = PBXBuildFile; fileRef = F4BB2981293A6C3000151917 /* OptionsPanelToolSelectButton.swift */; };
		F4BB2986293BD39700151917 /* FreeDrawToolOptions.swift in Sources */ = {isa = PBXBuildFile; fileRef = F4BB2985293BD39700151917 /* FreeDrawToolOptions.swift */; };
		F4BB2988293BD5D400151917 /* FreeDrawTool.swift in Sources */ = {isa = PBXBuildFile; fileRef = F4BB2987293BD5D400151917 /* FreeDrawTool.swift */; };
		F4BB298C293BE35800151917 /* FlooringToolBase.protocol.swift in Sources */ = {isa = PBXBuildFile; fileRef = F4BB298B293BE35800151917 /* FlooringToolBase.protocol.swift */; };
		F4BB298E293BE4CF00151917 /* FlooringToolFactory.swift in Sources */ = {isa = PBXBuildFile; fileRef = F4BB298D293BE4CF00151917 /* FlooringToolFactory.swift */; };
		F4BB2992293BEAF400151917 /* FreeDrawToolOptionsView.swift in Sources */ = {isa = PBXBuildFile; fileRef = F4BB2991293BEAF400151917 /* FreeDrawToolOptionsView.swift */; };
		F4BB2995293BEECD00151917 /* FlooringToolsStore.swift in Sources */ = {isa = PBXBuildFile; fileRef = F4BB2994293BEECD00151917 /* FlooringToolsStore.swift */; };
		F4BB2997293BFEC200151917 /* FlooringTilePicker.swift in Sources */ = {isa = PBXBuildFile; fileRef = F4BB2996293BFEC200151917 /* FlooringTilePicker.swift */; };
		F4BB2999293C008400151917 /* FlooringTilePickerButton.swift in Sources */ = {isa = PBXBuildFile; fileRef = F4BB2998293C008400151917 /* FlooringTilePickerButton.swift */; };
		F4BB299E293C017600151917 /* DarkButtonStyle.swift in Sources */ = {isa = PBXBuildFile; fileRef = F4BB299D293C017600151917 /* DarkButtonStyle.swift */; };
		F4BB29A2293C075C00151917 /* OptionsPanelToolSelect.swift in Sources */ = {isa = PBXBuildFile; fileRef = F4BB29A1293C075C00151917 /* OptionsPanelToolSelect.swift */; };
		F4C93B182915B65500D121B2 /* FarmScene.sks in Resources */ = {isa = PBXBuildFile; fileRef = F4C93B172915B65500D121B2 /* FarmScene.sks */; };
		F4C93B1A2915B78F00D121B2 /* FarmScene.swift in Sources */ = {isa = PBXBuildFile; fileRef = F4C93B192915B78F00D121B2 /* FarmScene.swift */; };
		F4C93B2F2915CE0600D121B2 /* BackgroundBuildableTiles.swift in Sources */ = {isa = PBXBuildFile; fileRef = F4C93B2E2915CE0600D121B2 /* BackgroundBuildableTiles.swift */; };
		F4E5A5ED291620C200970C07 /* TileSets.enum.swift in Sources */ = {isa = PBXBuildFile; fileRef = F4E5A5EC291620C200970C07 /* TileSets.enum.swift */; };
		F4E5A5F12918264B00970C07 /* TileSetController.swift in Sources */ = {isa = PBXBuildFile; fileRef = F4E5A5F02918264B00970C07 /* TileSetController.swift */; };
		F4E5A5F32918274700970C07 /* SKTileAdjacencyMaskAdditions.swift in Sources */ = {isa = PBXBuildFile; fileRef = F4E5A5F22918274700970C07 /* SKTileAdjacencyMaskAdditions.swift */; };
		F4E5A5F5291829EA00970C07 /* BackgroundTile.swift in Sources */ = {isa = PBXBuildFile; fileRef = F4E5A5F4291829EA00970C07 /* BackgroundTile.swift */; };
		F4E5A5F729182A1000970C07 /* FlooringTileMap.swift in Sources */ = {isa = PBXBuildFile; fileRef = F4E5A5F629182A1000970C07 /* FlooringTileMap.swift */; };
		F4E5A5F929182B5000970C07 /* BackgroundSprite.swift in Sources */ = {isa = PBXBuildFile; fileRef = F4E5A5F829182B5000970C07 /* BackgroundSprite.swift */; };
		F4E5A5FB29182CDE00970C07 /* Constants.swift in Sources */ = {isa = PBXBuildFile; fileRef = F4E5A5FA29182CDE00970C07 /* Constants.swift */; };
		F4E5A5FD291975AF00970C07 /* TitleBarButton.swift in Sources */ = {isa = PBXBuildFile; fileRef = F4E5A5FC291975AF00970C07 /* TitleBarButton.swift */; };
		F4E5A5FF291975B400970C07 /* TitleBar.swift in Sources */ = {isa = PBXBuildFile; fileRef = F4E5A5FE291975B400970C07 /* TitleBar.swift */; };
		F4F662812940444F00D7CA79 /* EraserTool.swift in Sources */ = {isa = PBXBuildFile; fileRef = F4F662802940444F00D7CA79 /* EraserTool.swift */; };
		F4F662832940445800D7CA79 /* BucketTool.swift in Sources */ = {isa = PBXBuildFile; fileRef = F4F662822940445800D7CA79 /* BucketTool.swift */; };
		F4F662852940446400D7CA79 /* EyedropperTool.swift in Sources */ = {isa = PBXBuildFile; fileRef = F4F662842940446400D7CA79 /* EyedropperTool.swift */; };
		F4F662872940446D00D7CA79 /* ShapeTool.swift in Sources */ = {isa = PBXBuildFile; fileRef = F4F662862940446D00D7CA79 /* ShapeTool.swift */; };
		F4F662892940447400D7CA79 /* LineTool.swift in Sources */ = {isa = PBXBuildFile; fileRef = F4F662882940447400D7CA79 /* LineTool.swift */; };
		F4F6628B2940455500D7CA79 /* EraserToolOptions.swift in Sources */ = {isa = PBXBuildFile; fileRef = F4F6628A2940455500D7CA79 /* EraserToolOptions.swift */; };
		F4F6628D2940455E00D7CA79 /* BucketToolOptions.swift in Sources */ = {isa = PBXBuildFile; fileRef = F4F6628C2940455E00D7CA79 /* BucketToolOptions.swift */; };
		F4F6628F2940456900D7CA79 /* EyedropperToolOptions.swift in Sources */ = {isa = PBXBuildFile; fileRef = F4F6628E2940456900D7CA79 /* EyedropperToolOptions.swift */; };
		F4F662912940457600D7CA79 /* ShapeToolOptions.swift in Sources */ = {isa = PBXBuildFile; fileRef = F4F662902940457600D7CA79 /* ShapeToolOptions.swift */; };
		F4F662932940457C00D7CA79 /* LineToolOptions.swift in Sources */ = {isa = PBXBuildFile; fileRef = F4F662922940457C00D7CA79 /* LineToolOptions.swift */; };
		F4F662992940489900D7CA79 /* EyedropperToolOptionsView.swift in Sources */ = {isa = PBXBuildFile; fileRef = F4F662982940489900D7CA79 /* EyedropperToolOptionsView.swift */; };
		F4F6629B294048A200D7CA79 /* EraserToolOptionsView.swift in Sources */ = {isa = PBXBuildFile; fileRef = F4F6629A294048A200D7CA79 /* EraserToolOptionsView.swift */; };
		F4F6629D294048AD00D7CA79 /* BucketToolOptionsView.swift in Sources */ = {isa = PBXBuildFile; fileRef = F4F6629C294048AD00D7CA79 /* BucketToolOptionsView.swift */; };
		F4F6629F294048B400D7CA79 /* ShapeToolOptionsView.swift in Sources */ = {isa = PBXBuildFile; fileRef = F4F6629E294048B400D7CA79 /* ShapeToolOptionsView.swift */; };
		F4F662A1294048B900D7CA79 /* LineToolOptionsView.swift in Sources */ = {isa = PBXBuildFile; fileRef = F4F662A0294048B900D7CA79 /* LineToolOptionsView.swift */; };
/* End PBXBuildFile section */

/* Begin PBXFileReference section */
		F42580412919B581005F1CCC /* LibraryView.swift */ = {isa = PBXFileReference; lastKnownFileType = sourcecode.swift; path = LibraryView.swift; sourceTree = "<group>"; };
		F42580442919B5DD005F1CCC /* SKViewAdditions.swift */ = {isa = PBXFileReference; lastKnownFileType = sourcecode.swift; path = SKViewAdditions.swift; sourceTree = "<group>"; };
		F42580462919B619005F1CCC /* LibraryObject.swift */ = {isa = PBXFileReference; lastKnownFileType = sourcecode.swift; path = LibraryObject.swift; sourceTree = "<group>"; };
		F42580482919B621005F1CCC /* PlannerLibrary.swift */ = {isa = PBXFileReference; lastKnownFileType = sourcecode.swift; path = PlannerLibrary.swift; sourceTree = "<group>"; };
		F425804A2919B689005F1CCC /* SettingsView.swift */ = {isa = PBXFileReference; lastKnownFileType = sourcecode.swift; path = SettingsView.swift; sourceTree = "<group>"; };
		F425804E291B4C9D005F1CCC /* BuildTool.swift */ = {isa = PBXFileReference; lastKnownFileType = sourcecode.swift; path = BuildTool.swift; sourceTree = "<group>"; };
		F4258051291B4D3B005F1CCC /* BuildingSizes.swift */ = {isa = PBXFileReference; lastKnownFileType = sourcecode.swift; path = BuildingSizes.swift; sourceTree = "<group>"; };
		F4258053291B4DCE005F1CCC /* BuildingSprite.swift */ = {isa = PBXFileReference; lastKnownFileType = sourcecode.swift; path = BuildingSprite.swift; sourceTree = "<group>"; };
		F4258057291B5866005F1CCC /* EditorModes.enum.swift */ = {isa = PBXFileReference; lastKnownFileType = sourcecode.swift; path = EditorModes.enum.swift; sourceTree = "<group>"; };
		F425805E291C04C9005F1CCC /* NotificationController.swift */ = {isa = PBXFileReference; lastKnownFileType = sourcecode.swift; path = NotificationController.swift; sourceTree = "<group>"; };
		F4258060291C04E1005F1CCC /* NotificationAdditions.swift */ = {isa = PBXFileReference; lastKnownFileType = sourcecode.swift; path = NotificationAdditions.swift; sourceTree = "<group>"; };
		F4258064291C0CAB005F1CCC /* EnvironmentAdditions.swift */ = {isa = PBXFileReference; lastKnownFileType = sourcecode.swift; path = EnvironmentAdditions.swift; sourceTree = "<group>"; };
		F4258066291C16EF005F1CCC /* LibraryTabView.swift */ = {isa = PBXFileReference; lastKnownFileType = sourcecode.swift; path = LibraryTabView.swift; sourceTree = "<group>"; };
		F4258068291C1D93005F1CCC /* LibraryTabViewButton.swift */ = {isa = PBXFileReference; lastKnownFileType = sourcecode.swift; path = LibraryTabViewButton.swift; sourceTree = "<group>"; };
		F425806A291C21A7005F1CCC /* LibraryTabViewContent.swift */ = {isa = PBXFileReference; lastKnownFileType = sourcecode.swift; path = LibraryTabViewContent.swift; sourceTree = "<group>"; };
		F425806C291C21B3005F1CCC /* LibraryTabViewContentItem.swift */ = {isa = PBXFileReference; lastKnownFileType = sourcecode.swift; path = LibraryTabViewContentItem.swift; sourceTree = "<group>"; };
		F4258072291C7977005F1CCC /* ObjectFamilies.enum.swift */ = {isa = PBXFileReference; lastKnownFileType = sourcecode.swift; path = ObjectFamilies.enum.swift; sourceTree = "<group>"; };
		F4258074291C797F005F1CCC /* ObjectTypes.enum.swift */ = {isa = PBXFileReference; lastKnownFileType = sourcecode.swift; path = ObjectTypes.enum.swift; sourceTree = "<group>"; };
		F4258076291CC42F005F1CCC /* BuildingPlacementTileSprite.swift */ = {isa = PBXFileReference; lastKnownFileType = sourcecode.swift; path = BuildingPlacementTileSprite.swift; sourceTree = "<group>"; };
		F433C696292436E50075E2F1 /* CGPointAdditions.swift */ = {isa = PBXFileReference; lastKnownFileType = sourcecode.swift; path = CGPointAdditions.swift; sourceTree = "<group>"; };
		F433C6992924373A0075E2F1 /* GridCoordinate.swift */ = {isa = PBXFileReference; lastKnownFileType = sourcecode.swift; path = GridCoordinate.swift; sourceTree = "<group>"; };
		F4388A0F29135F0600FB39BC /* StardewPlanner.app */ = {isa = PBXFileReference; explicitFileType = wrapper.application; includeInIndex = 0; path = StardewPlanner.app; sourceTree = BUILT_PRODUCTS_DIR; };
		F4388A1229135F0600FB39BC /* StardewPlannerApp.swift */ = {isa = PBXFileReference; lastKnownFileType = sourcecode.swift; path = StardewPlannerApp.swift; sourceTree = "<group>"; };
		F4388A1429135F0600FB39BC /* PlannerView.swift */ = {isa = PBXFileReference; lastKnownFileType = sourcecode.swift; path = PlannerView.swift; sourceTree = "<group>"; };
		F4388A1629135F0900FB39BC /* Assets.xcassets */ = {isa = PBXFileReference; lastKnownFileType = folder.assetcatalog; path = Assets.xcassets; sourceTree = "<group>"; };
		F4388A1929135F0900FB39BC /* Preview Assets.xcassets */ = {isa = PBXFileReference; lastKnownFileType = folder.assetcatalog; path = "Preview Assets.xcassets"; sourceTree = "<group>"; };
		F4388A1B29135F0900FB39BC /* StardewPlanner.entitlements */ = {isa = PBXFileReference; lastKnownFileType = text.plist.entitlements; path = StardewPlanner.entitlements; sourceTree = "<group>"; };
		F470502D2932FD7A008FCA0F /* TileMapMouseEvent.swift */ = {isa = PBXFileReference; lastKnownFileType = sourcecode.swift; path = TileMapMouseEvent.swift; sourceTree = "<group>"; };
		F48670532944FB24001CC2E7 /* GridCoordinateAdditions.swift */ = {isa = PBXFileReference; lastKnownFileType = sourcecode.swift; path = GridCoordinateAdditions.swift; sourceTree = "<group>"; };
		F4A1410B29199DA4006E762E /* ColorAdditions.swift */ = {isa = PBXFileReference; lastKnownFileType = sourcecode.swift; path = ColorAdditions.swift; sourceTree = "<group>"; };
		F4BB2976293943DB00151917 /* FlooringModeController.swift */ = {isa = PBXFileReference; lastKnownFileType = sourcecode.swift; path = FlooringModeController.swift; sourceTree = "<group>"; };
		F4BB297B293A62F800151917 /* OptionsPanel.swift */ = {isa = PBXFileReference; lastKnownFileType = sourcecode.swift; path = OptionsPanel.swift; sourceTree = "<group>"; };
		F4BB297D293A63B700151917 /* FlooringTools.enum.swift */ = {isa = PBXFileReference; lastKnownFileType = sourcecode.swift; path = FlooringTools.enum.swift; sourceTree = "<group>"; };
		F4BB297F293A66DC00151917 /* FlooringToolsAdditions.swift */ = {isa = PBXFileReference; lastKnownFileType = sourcecode.swift; path = FlooringToolsAdditions.swift; sourceTree = "<group>"; };
		F4BB2981293A6C3000151917 /* OptionsPanelToolSelectButton.swift */ = {isa = PBXFileReference; lastKnownFileType = sourcecode.swift; path = OptionsPanelToolSelectButton.swift; sourceTree = "<group>"; };
		F4BB2985293BD39700151917 /* FreeDrawToolOptions.swift */ = {isa = PBXFileReference; lastKnownFileType = sourcecode.swift; path = FreeDrawToolOptions.swift; sourceTree = "<group>"; };
		F4BB2987293BD5D400151917 /* FreeDrawTool.swift */ = {isa = PBXFileReference; lastKnownFileType = sourcecode.swift; path = FreeDrawTool.swift; sourceTree = "<group>"; };
		F4BB298B293BE35800151917 /* FlooringToolBase.protocol.swift */ = {isa = PBXFileReference; lastKnownFileType = sourcecode.swift; path = FlooringToolBase.protocol.swift; sourceTree = "<group>"; };
		F4BB298D293BE4CF00151917 /* FlooringToolFactory.swift */ = {isa = PBXFileReference; lastKnownFileType = sourcecode.swift; path = FlooringToolFactory.swift; sourceTree = "<group>"; };
		F4BB2991293BEAF400151917 /* FreeDrawToolOptionsView.swift */ = {isa = PBXFileReference; lastKnownFileType = sourcecode.swift; path = FreeDrawToolOptionsView.swift; sourceTree = "<group>"; };
		F4BB2994293BEECD00151917 /* FlooringToolsStore.swift */ = {isa = PBXFileReference; lastKnownFileType = sourcecode.swift; path = FlooringToolsStore.swift; sourceTree = "<group>"; };
		F4BB2996293BFEC200151917 /* FlooringTilePicker.swift */ = {isa = PBXFileReference; lastKnownFileType = sourcecode.swift; path = FlooringTilePicker.swift; sourceTree = "<group>"; };
		F4BB2998293C008400151917 /* FlooringTilePickerButton.swift */ = {isa = PBXFileReference; lastKnownFileType = sourcecode.swift; path = FlooringTilePickerButton.swift; sourceTree = "<group>"; };
		F4BB299D293C017600151917 /* DarkButtonStyle.swift */ = {isa = PBXFileReference; lastKnownFileType = sourcecode.swift; path = DarkButtonStyle.swift; sourceTree = "<group>"; };
		F4BB29A1293C075C00151917 /* OptionsPanelToolSelect.swift */ = {isa = PBXFileReference; lastKnownFileType = sourcecode.swift; path = OptionsPanelToolSelect.swift; sourceTree = "<group>"; };
		F4C93B172915B65500D121B2 /* FarmScene.sks */ = {isa = PBXFileReference; lastKnownFileType = file.sks; path = FarmScene.sks; sourceTree = "<group>"; };
		F4C93B192915B78F00D121B2 /* FarmScene.swift */ = {isa = PBXFileReference; lastKnownFileType = sourcecode.swift; path = FarmScene.swift; sourceTree = "<group>"; };
		F4C93B2E2915CE0600D121B2 /* BackgroundBuildableTiles.swift */ = {isa = PBXFileReference; lastKnownFileType = sourcecode.swift; path = BackgroundBuildableTiles.swift; sourceTree = "<group>"; };
		F4E5A5EC291620C200970C07 /* TileSets.enum.swift */ = {isa = PBXFileReference; lastKnownFileType = sourcecode.swift; path = TileSets.enum.swift; sourceTree = "<group>"; };
		F4E5A5F02918264B00970C07 /* TileSetController.swift */ = {isa = PBXFileReference; lastKnownFileType = sourcecode.swift; path = TileSetController.swift; sourceTree = "<group>"; };
		F4E5A5F22918274700970C07 /* SKTileAdjacencyMaskAdditions.swift */ = {isa = PBXFileReference; lastKnownFileType = sourcecode.swift; path = SKTileAdjacencyMaskAdditions.swift; sourceTree = "<group>"; };
		F4E5A5F4291829EA00970C07 /* BackgroundTile.swift */ = {isa = PBXFileReference; lastKnownFileType = sourcecode.swift; path = BackgroundTile.swift; sourceTree = "<group>"; };
		F4E5A5F629182A1000970C07 /* FlooringTileMap.swift */ = {isa = PBXFileReference; lastKnownFileType = sourcecode.swift; path = FlooringTileMap.swift; sourceTree = "<group>"; };
		F4E5A5F829182B5000970C07 /* BackgroundSprite.swift */ = {isa = PBXFileReference; lastKnownFileType = sourcecode.swift; path = BackgroundSprite.swift; sourceTree = "<group>"; };
		F4E5A5FA29182CDE00970C07 /* Constants.swift */ = {isa = PBXFileReference; lastKnownFileType = sourcecode.swift; path = Constants.swift; sourceTree = "<group>"; };
		F4E5A5FC291975AF00970C07 /* TitleBarButton.swift */ = {isa = PBXFileReference; lastKnownFileType = sourcecode.swift; path = TitleBarButton.swift; sourceTree = "<group>"; };
		F4E5A5FE291975B400970C07 /* TitleBar.swift */ = {isa = PBXFileReference; lastKnownFileType = sourcecode.swift; path = TitleBar.swift; sourceTree = "<group>"; };
		F4F662802940444F00D7CA79 /* EraserTool.swift */ = {isa = PBXFileReference; lastKnownFileType = sourcecode.swift; path = EraserTool.swift; sourceTree = "<group>"; };
		F4F662822940445800D7CA79 /* BucketTool.swift */ = {isa = PBXFileReference; lastKnownFileType = sourcecode.swift; path = BucketTool.swift; sourceTree = "<group>"; };
		F4F662842940446400D7CA79 /* EyedropperTool.swift */ = {isa = PBXFileReference; lastKnownFileType = sourcecode.swift; path = EyedropperTool.swift; sourceTree = "<group>"; };
		F4F662862940446D00D7CA79 /* ShapeTool.swift */ = {isa = PBXFileReference; lastKnownFileType = sourcecode.swift; path = ShapeTool.swift; sourceTree = "<group>"; };
		F4F662882940447400D7CA79 /* LineTool.swift */ = {isa = PBXFileReference; lastKnownFileType = sourcecode.swift; path = LineTool.swift; sourceTree = "<group>"; };
		F4F6628A2940455500D7CA79 /* EraserToolOptions.swift */ = {isa = PBXFileReference; lastKnownFileType = sourcecode.swift; path = EraserToolOptions.swift; sourceTree = "<group>"; };
		F4F6628C2940455E00D7CA79 /* BucketToolOptions.swift */ = {isa = PBXFileReference; lastKnownFileType = sourcecode.swift; path = BucketToolOptions.swift; sourceTree = "<group>"; };
		F4F6628E2940456900D7CA79 /* EyedropperToolOptions.swift */ = {isa = PBXFileReference; lastKnownFileType = sourcecode.swift; path = EyedropperToolOptions.swift; sourceTree = "<group>"; };
		F4F662902940457600D7CA79 /* ShapeToolOptions.swift */ = {isa = PBXFileReference; lastKnownFileType = sourcecode.swift; path = ShapeToolOptions.swift; sourceTree = "<group>"; };
		F4F662922940457C00D7CA79 /* LineToolOptions.swift */ = {isa = PBXFileReference; lastKnownFileType = sourcecode.swift; path = LineToolOptions.swift; sourceTree = "<group>"; };
		F4F662982940489900D7CA79 /* EyedropperToolOptionsView.swift */ = {isa = PBXFileReference; lastKnownFileType = sourcecode.swift; path = EyedropperToolOptionsView.swift; sourceTree = "<group>"; };
		F4F6629A294048A200D7CA79 /* EraserToolOptionsView.swift */ = {isa = PBXFileReference; lastKnownFileType = sourcecode.swift; path = EraserToolOptionsView.swift; sourceTree = "<group>"; };
		F4F6629C294048AD00D7CA79 /* BucketToolOptionsView.swift */ = {isa = PBXFileReference; lastKnownFileType = sourcecode.swift; path = BucketToolOptionsView.swift; sourceTree = "<group>"; };
		F4F6629E294048B400D7CA79 /* ShapeToolOptionsView.swift */ = {isa = PBXFileReference; lastKnownFileType = sourcecode.swift; path = ShapeToolOptionsView.swift; sourceTree = "<group>"; };
		F4F662A0294048B900D7CA79 /* LineToolOptionsView.swift */ = {isa = PBXFileReference; lastKnownFileType = sourcecode.swift; path = LineToolOptionsView.swift; sourceTree = "<group>"; };
/* End PBXFileReference section */

/* Begin PBXFrameworksBuildPhase section */
		F4388A0C29135F0600FB39BC /* Frameworks */ = {
			isa = PBXFrameworksBuildPhase;
			buildActionMask = 2147483647;
			files = (
			);
			runOnlyForDeploymentPostprocessing = 0;
		};
/* End PBXFrameworksBuildPhase section */

/* Begin PBXGroup section */
		F425803E2919B3C0005F1CCC /* Views */ = {
			isa = PBXGroup;
			children = (
				F4388A1429135F0600FB39BC /* PlannerView.swift */,
				F42580412919B581005F1CCC /* LibraryView.swift */,
				F4258066291C16EF005F1CCC /* LibraryTabView.swift */,
				F425806A291C21A7005F1CCC /* LibraryTabViewContent.swift */,
				F425806C291C21B3005F1CCC /* LibraryTabViewContentItem.swift */,
				F4258068291C1D93005F1CCC /* LibraryTabViewButton.swift */,
				F4E5A5FC291975AF00970C07 /* TitleBarButton.swift */,
				F4E5A5FE291975B400970C07 /* TitleBar.swift */,
				F425804A2919B689005F1CCC /* SettingsView.swift */,
				F4BB297B293A62F800151917 /* OptionsPanel.swift */,
				F4BB29A1293C075C00151917 /* OptionsPanelToolSelect.swift */,
				F4BB2981293A6C3000151917 /* OptionsPanelToolSelectButton.swift */,
				F4BB2991293BEAF400151917 /* FreeDrawToolOptionsView.swift */,
				F4F6629A294048A200D7CA79 /* EraserToolOptionsView.swift */,
				F4F662982940489900D7CA79 /* EyedropperToolOptionsView.swift */,
				F4F6629C294048AD00D7CA79 /* BucketToolOptionsView.swift */,
				F4F6629E294048B400D7CA79 /* ShapeToolOptionsView.swift */,
				F4F662A0294048B900D7CA79 /* LineToolOptionsView.swift */,
				F4BB2996293BFEC200151917 /* FlooringTilePicker.swift */,
				F4BB2998293C008400151917 /* FlooringTilePickerButton.swift */,
			);
			path = Views;
			sourceTree = "<group>";
		};
		F425803F2919B3CA005F1CCC /* SpriteKit */ = {
			isa = PBXGroup;
			children = (
				F433C6982924372E0075E2F1 /* Models */,
				F4BB2975293943C600151917 /* Flooring Mode */,
				F4258050291B4D26005F1CCC /* Build Tool */,
				F42580432919B5D0005F1CCC /* Utilities */,
				F4E5A5EB291620A300970C07 /* Tile Sets */,
				F4E5A5FA29182CDE00970C07 /* Constants.swift */,
				F4C93B172915B65500D121B2 /* FarmScene.sks */,
				F4C93B192915B78F00D121B2 /* FarmScene.swift */,
				F4E5A5F829182B5000970C07 /* BackgroundSprite.swift */,
				F4E5A5F4291829EA00970C07 /* BackgroundTile.swift */,
				F4E5A5F629182A1000970C07 /* FlooringTileMap.swift */,
				F4C93B2E2915CE0600D121B2 /* BackgroundBuildableTiles.swift */,
				F4258057291B5866005F1CCC /* EditorModes.enum.swift */,
			);
			path = SpriteKit;
			sourceTree = "<group>";
		};
		F42580402919B46C005F1CCC /* Models */ = {
			isa = PBXGroup;
			children = (
				F4258072291C7977005F1CCC /* ObjectFamilies.enum.swift */,
				F4258074291C797F005F1CCC /* ObjectTypes.enum.swift */,
				F42580462919B619005F1CCC /* LibraryObject.swift */,
				F42580482919B621005F1CCC /* PlannerLibrary.swift */,
				F4BB297D293A63B700151917 /* FlooringTools.enum.swift */,
				F4BB2985293BD39700151917 /* FreeDrawToolOptions.swift */,
				F4F6628A2940455500D7CA79 /* EraserToolOptions.swift */,
				F4F6628C2940455E00D7CA79 /* BucketToolOptions.swift */,
				F4F6628E2940456900D7CA79 /* EyedropperToolOptions.swift */,
				F4F662902940457600D7CA79 /* ShapeToolOptions.swift */,
				F4F662922940457C00D7CA79 /* LineToolOptions.swift */,
			);
			path = Models;
			sourceTree = "<group>";
		};
		F42580432919B5D0005F1CCC /* Utilities */ = {
			isa = PBXGroup;
			children = (
				F42580442919B5DD005F1CCC /* SKViewAdditions.swift */,
				F433C696292436E50075E2F1 /* CGPointAdditions.swift */,
				F48670532944FB24001CC2E7 /* GridCoordinateAdditions.swift */,
			);
			path = Utilities;
			sourceTree = "<group>";
		};
		F4258050291B4D26005F1CCC /* Build Tool */ = {
			isa = PBXGroup;
			children = (
				F425804E291B4C9D005F1CCC /* BuildTool.swift */,
				F4258051291B4D3B005F1CCC /* BuildingSizes.swift */,
				F4258053291B4DCE005F1CCC /* BuildingSprite.swift */,
				F4258076291CC42F005F1CCC /* BuildingPlacementTileSprite.swift */,
			);
			path = "Build Tool";
			sourceTree = "<group>";
		};
		F425805D291C04B3005F1CCC /* Controllers */ = {
			isa = PBXGroup;
			children = (
				F425805E291C04C9005F1CCC /* NotificationController.swift */,
			);
			path = Controllers;
			sourceTree = "<group>";
		};
		F433C6982924372E0075E2F1 /* Models */ = {
			isa = PBXGroup;
			children = (
				F433C6992924373A0075E2F1 /* GridCoordinate.swift */,
				F470502D2932FD7A008FCA0F /* TileMapMouseEvent.swift */,
			);
			path = Models;
			sourceTree = "<group>";
		};
		F4388A0629135F0600FB39BC = {
			isa = PBXGroup;
			children = (
				F4388A1129135F0600FB39BC /* StardewPlanner */,
				F4388A1029135F0600FB39BC /* Products */,
			);
			sourceTree = "<group>";
		};
		F4388A1029135F0600FB39BC /* Products */ = {
			isa = PBXGroup;
			children = (
				F4388A0F29135F0600FB39BC /* StardewPlanner.app */,
			);
			name = Products;
			sourceTree = "<group>";
		};
		F4388A1129135F0600FB39BC /* StardewPlanner */ = {
			isa = PBXGroup;
			children = (
				F4388A1229135F0600FB39BC /* StardewPlannerApp.swift */,
				F4BB299C293C016600151917 /* Styles */,
				F4BB2993293BEEAC00151917 /* Stores */,
				F425805D291C04B3005F1CCC /* Controllers */,
				F42580402919B46C005F1CCC /* Models */,
				F425803E2919B3C0005F1CCC /* Views */,
				F4A1410A29199D96006E762E /* Utilities */,
				F4A1410D2919B387006E762E /* Resources */,
				F425803F2919B3CA005F1CCC /* SpriteKit */,
			);
			path = StardewPlanner;
			sourceTree = "<group>";
		};
		F4388A1829135F0900FB39BC /* Preview Content */ = {
			isa = PBXGroup;
			children = (
				F4388A1929135F0900FB39BC /* Preview Assets.xcassets */,
			);
			name = "Preview Content";
			path = "../Preview Content";
			sourceTree = "<group>";
		};
		F4A1410A29199D96006E762E /* Utilities */ = {
			isa = PBXGroup;
			children = (
				F4A1410B29199DA4006E762E /* ColorAdditions.swift */,
				F4258060291C04E1005F1CCC /* NotificationAdditions.swift */,
				F4258064291C0CAB005F1CCC /* EnvironmentAdditions.swift */,
				F4BB297F293A66DC00151917 /* FlooringToolsAdditions.swift */,
			);
			path = Utilities;
			sourceTree = "<group>";
		};
		F4A1410D2919B387006E762E /* Resources */ = {
			isa = PBXGroup;
			children = (
				F4388A1629135F0900FB39BC /* Assets.xcassets */,
				F4388A1B29135F0900FB39BC /* StardewPlanner.entitlements */,
				F4388A1829135F0900FB39BC /* Preview Content */,
			);
			path = Resources;
			sourceTree = "<group>";
		};
		F4BB2975293943C600151917 /* Flooring Mode */ = {
			isa = PBXGroup;
			children = (
				F4BB2976293943DB00151917 /* FlooringModeController.swift */,
				F4BB298B293BE35800151917 /* FlooringToolBase.protocol.swift */,
				F4BB298D293BE4CF00151917 /* FlooringToolFactory.swift */,
				F4BB2987293BD5D400151917 /* FreeDrawTool.swift */,
				F4F662802940444F00D7CA79 /* EraserTool.swift */,
				F4F662822940445800D7CA79 /* BucketTool.swift */,
				F4F662842940446400D7CA79 /* EyedropperTool.swift */,
				F4F662862940446D00D7CA79 /* ShapeTool.swift */,
				F4F662882940447400D7CA79 /* LineTool.swift */,
			);
			path = "Flooring Mode";
			sourceTree = "<group>";
		};
		F4BB2993293BEEAC00151917 /* Stores */ = {
			isa = PBXGroup;
			children = (
				F4BB2994293BEECD00151917 /* FlooringToolsStore.swift */,
			);
			path = Stores;
			sourceTree = "<group>";
		};
		F4BB299C293C016600151917 /* Styles */ = {
			isa = PBXGroup;
			children = (
				F4BB299D293C017600151917 /* DarkButtonStyle.swift */,
			);
			path = Styles;
			sourceTree = "<group>";
		};
		F4E5A5EB291620A300970C07 /* Tile Sets */ = {
			isa = PBXGroup;
			children = (
				F4E5A5F02918264B00970C07 /* TileSetController.swift */,
				F4E5A5F22918274700970C07 /* SKTileAdjacencyMaskAdditions.swift */,
				F4E5A5EC291620C200970C07 /* TileSets.enum.swift */,
			);
			path = "Tile Sets";
			sourceTree = "<group>";
		};
/* End PBXGroup section */

/* Begin PBXNativeTarget section */
		F4388A0E29135F0600FB39BC /* StardewPlanner */ = {
			isa = PBXNativeTarget;
			buildConfigurationList = F4388A1E29135F0900FB39BC /* Build configuration list for PBXNativeTarget "StardewPlanner" */;
			buildPhases = (
				F4388A0B29135F0600FB39BC /* Sources */,
				F4388A0C29135F0600FB39BC /* Frameworks */,
				F4388A0D29135F0600FB39BC /* Resources */,
			);
			buildRules = (
			);
			dependencies = (
			);
			name = StardewPlanner;
			productName = StardewPlanner;
			productReference = F4388A0F29135F0600FB39BC /* StardewPlanner.app */;
			productType = "com.apple.product-type.application";
		};
/* End PBXNativeTarget section */

/* Begin PBXProject section */
		F4388A0729135F0600FB39BC /* Project object */ = {
			isa = PBXProject;
			attributes = {
				BuildIndependentTargetsInParallel = 1;
				LastSwiftUpdateCheck = 1400;
				LastUpgradeCheck = 1410;
				TargetAttributes = {
					F4388A0E29135F0600FB39BC = {
						CreatedOnToolsVersion = 14.0.1;
					};
				};
			};
			buildConfigurationList = F4388A0A29135F0600FB39BC /* Build configuration list for PBXProject "StardewPlanner" */;
			compatibilityVersion = "Xcode 14.0";
			developmentRegion = en;
			hasScannedForEncodings = 0;
			knownRegions = (
				en,
				Base,
			);
			mainGroup = F4388A0629135F0600FB39BC;
			productRefGroup = F4388A1029135F0600FB39BC /* Products */;
			projectDirPath = "";
			projectRoot = "";
			targets = (
				F4388A0E29135F0600FB39BC /* StardewPlanner */,
			);
		};
/* End PBXProject section */

/* Begin PBXResourcesBuildPhase section */
		F4388A0D29135F0600FB39BC /* Resources */ = {
			isa = PBXResourcesBuildPhase;
			buildActionMask = 2147483647;
			files = (
				F4388A1A29135F0900FB39BC /* Preview Assets.xcassets in Resources */,
				F4388A1729135F0900FB39BC /* Assets.xcassets in Resources */,
				F4C93B182915B65500D121B2 /* FarmScene.sks in Resources */,
			);
			runOnlyForDeploymentPostprocessing = 0;
		};
/* End PBXResourcesBuildPhase section */

/* Begin PBXSourcesBuildPhase section */
		F4388A0B29135F0600FB39BC /* Sources */ = {
			isa = PBXSourcesBuildPhase;
			buildActionMask = 2147483647;
			files = (
				F4258052291B4D3B005F1CCC /* BuildingSizes.swift in Sources */,
				F4F6629F294048B400D7CA79 /* ShapeToolOptionsView.swift in Sources */,
				F4BB2986293BD39700151917 /* FreeDrawToolOptions.swift in Sources */,
				F4BB2982293A6C3000151917 /* OptionsPanelToolSelectButton.swift in Sources */,
				F4258065291C0CAB005F1CCC /* EnvironmentAdditions.swift in Sources */,
				F42580472919B619005F1CCC /* LibraryObject.swift in Sources */,
				F4E5A5F729182A1000970C07 /* FlooringTileMap.swift in Sources */,
				F4F6629B294048A200D7CA79 /* EraserToolOptionsView.swift in Sources */,
				F4F662932940457C00D7CA79 /* LineToolOptions.swift in Sources */,
				F4E5A5FB29182CDE00970C07 /* Constants.swift in Sources */,
				F4E5A5FD291975AF00970C07 /* TitleBarButton.swift in Sources */,
				F4258073291C7977005F1CCC /* ObjectFamilies.enum.swift in Sources */,
				F4BB2980293A66DC00151917 /* FlooringToolsAdditions.swift in Sources */,
				F4BB297E293A63B700151917 /* FlooringTools.enum.swift in Sources */,
				F4BB2992293BEAF400151917 /* FreeDrawToolOptionsView.swift in Sources */,
				F4F662812940444F00D7CA79 /* EraserTool.swift in Sources */,
				F4258054291B4DCE005F1CCC /* BuildingSprite.swift in Sources */,
				F4F662A1294048B900D7CA79 /* LineToolOptionsView.swift in Sources */,
				F42580492919B621005F1CCC /* PlannerLibrary.swift in Sources */,
				F433C69A2924373A0075E2F1 /* GridCoordinate.swift in Sources */,
				F4F6629D294048AD00D7CA79 /* BucketToolOptionsView.swift in Sources */,
				F4BB29A2293C075C00151917 /* OptionsPanelToolSelect.swift in Sources */,
				F4BB299E293C017600151917 /* DarkButtonStyle.swift in Sources */,
				F4388A1529135F0600FB39BC /* PlannerView.swift in Sources */,
				F4F662892940447400D7CA79 /* LineTool.swift in Sources */,
				F4E5A5ED291620C200970C07 /* TileSets.enum.swift in Sources */,
				F470502E2932FD7A008FCA0F /* TileMapMouseEvent.swift in Sources */,
				F4BB298E293BE4CF00151917 /* FlooringToolFactory.swift in Sources */,
				F4E5A5FF291975B400970C07 /* TitleBar.swift in Sources */,
				F4C93B1A2915B78F00D121B2 /* FarmScene.swift in Sources */,
				F4F662872940446D00D7CA79 /* ShapeTool.swift in Sources */,
				F425804F291B4C9D005F1CCC /* BuildTool.swift in Sources */,
				F4BB298C293BE35800151917 /* FlooringToolBase.protocol.swift in Sources */,
				F4BB2977293943DB00151917 /* FlooringModeController.swift in Sources */,
				F4258061291C04E1005F1CCC /* NotificationAdditions.swift in Sources */,
				F4BB2999293C008400151917 /* FlooringTilePickerButton.swift in Sources */,
				F4E5A5F5291829EA00970C07 /* BackgroundTile.swift in Sources */,
				F4258075291C797F005F1CCC /* ObjectTypes.enum.swift in Sources */,
				F4BB2995293BEECD00151917 /* FlooringToolsStore.swift in Sources */,
				F4F6628D2940455E00D7CA79 /* BucketToolOptions.swift in Sources */,
				F4F662832940445800D7CA79 /* BucketTool.swift in Sources */,
				F42580452919B5DD005F1CCC /* SKViewAdditions.swift in Sources */,
				F425806D291C21B3005F1CCC /* LibraryTabViewContentItem.swift in Sources */,
				F425805F291C04C9005F1CCC /* NotificationController.swift in Sources */,
				F4BB2997293BFEC200151917 /* FlooringTilePicker.swift in Sources */,
				F4BB2988293BD5D400151917 /* FreeDrawTool.swift in Sources */,
				F4258069291C1D93005F1CCC /* LibraryTabViewButton.swift in Sources */,
				F4F662912940457600D7CA79 /* ShapeToolOptions.swift in Sources */,
				F4F6628F2940456900D7CA79 /* EyedropperToolOptions.swift in Sources */,
				F4C93B2F2915CE0600D121B2 /* BackgroundBuildableTiles.swift in Sources */,
				F4258067291C16EF005F1CCC /* LibraryTabView.swift in Sources */,
				F433C697292436E50075E2F1 /* CGPointAdditions.swift in Sources */,
				F4E5A5F929182B5000970C07 /* BackgroundSprite.swift in Sources */,
				F425806B291C21A7005F1CCC /* LibraryTabViewContent.swift in Sources */,
				F4E5A5F12918264B00970C07 /* TileSetController.swift in Sources */,
				F4388A1329135F0600FB39BC /* StardewPlannerApp.swift in Sources */,
				F4258077291CC42F005F1CCC /* BuildingPlacementTileSprite.swift in Sources */,
				F4258058291B5866005F1CCC /* EditorModes.enum.swift in Sources */,
				F48670542944FB24001CC2E7 /* GridCoordinateAdditions.swift in Sources */,
				F4E5A5F32918274700970C07 /* SKTileAdjacencyMaskAdditions.swift in Sources */,
				F42580422919B581005F1CCC /* LibraryView.swift in Sources */,
				F4F662992940489900D7CA79 /* EyedropperToolOptionsView.swift in Sources */,
				F4BB297C293A62F800151917 /* OptionsPanel.swift in Sources */,
				F4F6628B2940455500D7CA79 /* EraserToolOptions.swift in Sources */,
				F4F662852940446400D7CA79 /* EyedropperTool.swift in Sources */,
				F4A1410C29199DA4006E762E /* ColorAdditions.swift in Sources */,
				F425804B2919B689005F1CCC /* SettingsView.swift in Sources */,
			);
			runOnlyForDeploymentPostprocessing = 0;
		};
/* End PBXSourcesBuildPhase section */

/* Begin XCBuildConfiguration section */
		F4388A1C29135F0900FB39BC /* Debug */ = {
			isa = XCBuildConfiguration;
			buildSettings = {
				ALWAYS_SEARCH_USER_PATHS = NO;
				CLANG_ANALYZER_NONNULL = YES;
				CLANG_ANALYZER_NUMBER_OBJECT_CONVERSION = YES_AGGRESSIVE;
				CLANG_CXX_LANGUAGE_STANDARD = "gnu++20";
				CLANG_ENABLE_MODULES = YES;
				CLANG_ENABLE_OBJC_ARC = YES;
				CLANG_ENABLE_OBJC_WEAK = YES;
				CLANG_WARN_BLOCK_CAPTURE_AUTORELEASING = YES;
				CLANG_WARN_BOOL_CONVERSION = YES;
				CLANG_WARN_COMMA = YES;
				CLANG_WARN_CONSTANT_CONVERSION = YES;
				CLANG_WARN_DEPRECATED_OBJC_IMPLEMENTATIONS = YES;
				CLANG_WARN_DIRECT_OBJC_ISA_USAGE = YES_ERROR;
				CLANG_WARN_DOCUMENTATION_COMMENTS = YES;
				CLANG_WARN_EMPTY_BODY = YES;
				CLANG_WARN_ENUM_CONVERSION = YES;
				CLANG_WARN_INFINITE_RECURSION = YES;
				CLANG_WARN_INT_CONVERSION = YES;
				CLANG_WARN_NON_LITERAL_NULL_CONVERSION = YES;
				CLANG_WARN_OBJC_IMPLICIT_RETAIN_SELF = YES;
				CLANG_WARN_OBJC_LITERAL_CONVERSION = YES;
				CLANG_WARN_OBJC_ROOT_CLASS = YES_ERROR;
				CLANG_WARN_QUOTED_INCLUDE_IN_FRAMEWORK_HEADER = YES;
				CLANG_WARN_RANGE_LOOP_ANALYSIS = YES;
				CLANG_WARN_STRICT_PROTOTYPES = YES;
				CLANG_WARN_SUSPICIOUS_MOVE = YES;
				CLANG_WARN_UNGUARDED_AVAILABILITY = YES_AGGRESSIVE;
				CLANG_WARN_UNREACHABLE_CODE = YES;
				CLANG_WARN__DUPLICATE_METHOD_MATCH = YES;
				COPY_PHASE_STRIP = NO;
				DEAD_CODE_STRIPPING = YES;
				DEBUG_INFORMATION_FORMAT = dwarf;
				ENABLE_STRICT_OBJC_MSGSEND = YES;
				ENABLE_TESTABILITY = YES;
				GCC_C_LANGUAGE_STANDARD = gnu11;
				GCC_DYNAMIC_NO_PIC = NO;
				GCC_NO_COMMON_BLOCKS = YES;
				GCC_OPTIMIZATION_LEVEL = 0;
				GCC_PREPROCESSOR_DEFINITIONS = (
					"DEBUG=1",
					"$(inherited)",
				);
				GCC_WARN_64_TO_32_BIT_CONVERSION = YES;
				GCC_WARN_ABOUT_RETURN_TYPE = YES_ERROR;
				GCC_WARN_UNDECLARED_SELECTOR = YES;
				GCC_WARN_UNINITIALIZED_AUTOS = YES_AGGRESSIVE;
				GCC_WARN_UNUSED_FUNCTION = YES;
				GCC_WARN_UNUSED_VARIABLE = YES;
				MACOSX_DEPLOYMENT_TARGET = 13.0;
				MTL_ENABLE_DEBUG_INFO = INCLUDE_SOURCE;
				MTL_FAST_MATH = YES;
				ONLY_ACTIVE_ARCH = YES;
				SDKROOT = macosx;
				SWIFT_ACTIVE_COMPILATION_CONDITIONS = DEBUG;
				SWIFT_OPTIMIZATION_LEVEL = "-Onone";
			};
			name = Debug;
		};
		F4388A1D29135F0900FB39BC /* Release */ = {
			isa = XCBuildConfiguration;
			buildSettings = {
				ALWAYS_SEARCH_USER_PATHS = NO;
				CLANG_ANALYZER_NONNULL = YES;
				CLANG_ANALYZER_NUMBER_OBJECT_CONVERSION = YES_AGGRESSIVE;
				CLANG_CXX_LANGUAGE_STANDARD = "gnu++20";
				CLANG_ENABLE_MODULES = YES;
				CLANG_ENABLE_OBJC_ARC = YES;
				CLANG_ENABLE_OBJC_WEAK = YES;
				CLANG_WARN_BLOCK_CAPTURE_AUTORELEASING = YES;
				CLANG_WARN_BOOL_CONVERSION = YES;
				CLANG_WARN_COMMA = YES;
				CLANG_WARN_CONSTANT_CONVERSION = YES;
				CLANG_WARN_DEPRECATED_OBJC_IMPLEMENTATIONS = YES;
				CLANG_WARN_DIRECT_OBJC_ISA_USAGE = YES_ERROR;
				CLANG_WARN_DOCUMENTATION_COMMENTS = YES;
				CLANG_WARN_EMPTY_BODY = YES;
				CLANG_WARN_ENUM_CONVERSION = YES;
				CLANG_WARN_INFINITE_RECURSION = YES;
				CLANG_WARN_INT_CONVERSION = YES;
				CLANG_WARN_NON_LITERAL_NULL_CONVERSION = YES;
				CLANG_WARN_OBJC_IMPLICIT_RETAIN_SELF = YES;
				CLANG_WARN_OBJC_LITERAL_CONVERSION = YES;
				CLANG_WARN_OBJC_ROOT_CLASS = YES_ERROR;
				CLANG_WARN_QUOTED_INCLUDE_IN_FRAMEWORK_HEADER = YES;
				CLANG_WARN_RANGE_LOOP_ANALYSIS = YES;
				CLANG_WARN_STRICT_PROTOTYPES = YES;
				CLANG_WARN_SUSPICIOUS_MOVE = YES;
				CLANG_WARN_UNGUARDED_AVAILABILITY = YES_AGGRESSIVE;
				CLANG_WARN_UNREACHABLE_CODE = YES;
				CLANG_WARN__DUPLICATE_METHOD_MATCH = YES;
				COPY_PHASE_STRIP = NO;
				DEAD_CODE_STRIPPING = YES;
				DEBUG_INFORMATION_FORMAT = "dwarf-with-dsym";
				ENABLE_NS_ASSERTIONS = NO;
				ENABLE_STRICT_OBJC_MSGSEND = YES;
				GCC_C_LANGUAGE_STANDARD = gnu11;
				GCC_NO_COMMON_BLOCKS = YES;
				GCC_WARN_64_TO_32_BIT_CONVERSION = YES;
				GCC_WARN_ABOUT_RETURN_TYPE = YES_ERROR;
				GCC_WARN_UNDECLARED_SELECTOR = YES;
				GCC_WARN_UNINITIALIZED_AUTOS = YES_AGGRESSIVE;
				GCC_WARN_UNUSED_FUNCTION = YES;
				GCC_WARN_UNUSED_VARIABLE = YES;
				MACOSX_DEPLOYMENT_TARGET = 13.0;
				MTL_ENABLE_DEBUG_INFO = NO;
				MTL_FAST_MATH = YES;
				SDKROOT = macosx;
				SWIFT_COMPILATION_MODE = wholemodule;
				SWIFT_OPTIMIZATION_LEVEL = "-O";
			};
			name = Release;
		};
		F4388A1F29135F0900FB39BC /* Debug */ = {
			isa = XCBuildConfiguration;
			buildSettings = {
				ASSETCATALOG_COMPILER_APPICON_NAME = AppIcon;
				ASSETCATALOG_COMPILER_GLOBAL_ACCENT_COLOR_NAME = AccentColor;
				CODE_SIGN_ENTITLEMENTS = StardewPlanner/Resources/StardewPlanner.entitlements;
				CODE_SIGN_IDENTITY = "-";
				"CODE_SIGN_IDENTITY[sdk=macosx*]" = "Apple Development";
				CODE_SIGN_STYLE = Automatic;
				COMBINE_HIDPI_IMAGES = YES;
				CURRENT_PROJECT_VERSION = 1;
				DEAD_CODE_STRIPPING = YES;
				DEVELOPMENT_ASSET_PATHS = "\"StardewPlanner/Resources/Preview Content\"";
				DEVELOPMENT_TEAM = A3E5NJZ7MX;
				ENABLE_HARDENED_RUNTIME = YES;
				ENABLE_PREVIEWS = YES;
				GENERATE_INFOPLIST_FILE = YES;
				INFOPLIST_KEY_CFBundleDisplayName = "Stardew Planner";
				INFOPLIST_KEY_LSApplicationCategoryType = "public.app-category.games";
				INFOPLIST_KEY_NSHumanReadableCopyright = "";
				LD_RUNPATH_SEARCH_PATHS = (
					"$(inherited)",
					"@executable_path/../Frameworks",
				);
				MACOSX_DEPLOYMENT_TARGET = 13.0;
				MARKETING_VERSION = 1.0;
				PRODUCT_BUNDLE_IDENTIFIER = com.brobattos.StardewPlanner;
				PRODUCT_NAME = "$(TARGET_NAME)";
				SWIFT_EMIT_LOC_STRINGS = YES;
				SWIFT_VERSION = 5.0;
			};
			name = Debug;
		};
		F4388A2029135F0900FB39BC /* Release */ = {
			isa = XCBuildConfiguration;
			buildSettings = {
				ASSETCATALOG_COMPILER_APPICON_NAME = AppIcon;
				ASSETCATALOG_COMPILER_GLOBAL_ACCENT_COLOR_NAME = AccentColor;
				CODE_SIGN_ENTITLEMENTS = StardewPlanner/Resources/StardewPlanner.entitlements;
				CODE_SIGN_IDENTITY = "-";
				"CODE_SIGN_IDENTITY[sdk=macosx*]" = "Apple Development";
				CODE_SIGN_STYLE = Automatic;
				COMBINE_HIDPI_IMAGES = YES;
				CURRENT_PROJECT_VERSION = 1;
				DEAD_CODE_STRIPPING = YES;
				DEVELOPMENT_ASSET_PATHS = "\"StardewPlanner/Resources/Preview Content\"";
				DEVELOPMENT_TEAM = A3E5NJZ7MX;
				ENABLE_HARDENED_RUNTIME = YES;
				ENABLE_PREVIEWS = YES;
				GENERATE_INFOPLIST_FILE = YES;
				INFOPLIST_KEY_CFBundleDisplayName = "Stardew Planner";
				INFOPLIST_KEY_LSApplicationCategoryType = "public.app-category.games";
				INFOPLIST_KEY_NSHumanReadableCopyright = "";
				LD_RUNPATH_SEARCH_PATHS = (
					"$(inherited)",
					"@executable_path/../Frameworks",
				);
				MACOSX_DEPLOYMENT_TARGET = 13.0;
				MARKETING_VERSION = 1.0;
				PRODUCT_BUNDLE_IDENTIFIER = com.brobattos.StardewPlanner;
				PRODUCT_NAME = "$(TARGET_NAME)";
				SWIFT_EMIT_LOC_STRINGS = YES;
				SWIFT_VERSION = 5.0;
			};
			name = Release;
		};
/* End XCBuildConfiguration section */

/* Begin XCConfigurationList section */
		F4388A0A29135F0600FB39BC /* Build configuration list for PBXProject "StardewPlanner" */ = {
			isa = XCConfigurationList;
			buildConfigurations = (
				F4388A1C29135F0900FB39BC /* Debug */,
				F4388A1D29135F0900FB39BC /* Release */,
			);
			defaultConfigurationIsVisible = 0;
			defaultConfigurationName = Release;
		};
		F4388A1E29135F0900FB39BC /* Build configuration list for PBXNativeTarget "StardewPlanner" */ = {
			isa = XCConfigurationList;
			buildConfigurations = (
				F4388A1F29135F0900FB39BC /* Debug */,
				F4388A2029135F0900FB39BC /* Release */,
			);
			defaultConfigurationIsVisible = 0;
			defaultConfigurationName = Release;
		};
/* End XCConfigurationList section */
	};
	rootObject = F4388A0729135F0600FB39BC /* Project object */;
}
